// !$*UTF8*$!
{
	archiveVersion = 1;
	classes = {
	};
	objectVersion = 56;
	objects = {

/* Begin PBXBuildFile section */
		4152A1EA29FBB79900B9419A /* AppDelegate.swift in Sources */ = {isa = PBXBuildFile; fileRef = 4152A1E929FBB79900B9419A /* AppDelegate.swift */; };
		4152A1EC29FBB79900B9419A /* SceneDelegate.swift in Sources */ = {isa = PBXBuildFile; fileRef = 4152A1EB29FBB79900B9419A /* SceneDelegate.swift */; };
		4152A1EE29FBB79900B9419A /* ViewController.swift in Sources */ = {isa = PBXBuildFile; fileRef = 4152A1ED29FBB79900B9419A /* ViewController.swift */; };
		4152A1F129FBB79900B9419A /* Main.storyboard in Resources */ = {isa = PBXBuildFile; fileRef = 4152A1EF29FBB79900B9419A /* Main.storyboard */; };
		4152A1F329FBB79C00B9419A /* Assets.xcassets in Resources */ = {isa = PBXBuildFile; fileRef = 4152A1F229FBB79C00B9419A /* Assets.xcassets */; };
		4152A1F629FBB79C00B9419A /* LaunchScreen.storyboard in Resources */ = {isa = PBXBuildFile; fileRef = 4152A1F429FBB79C00B9419A /* LaunchScreen.storyboard */; };
		4152A20129FBB79C00B9419A /* DeepLinkingTests.swift in Sources */ = {isa = PBXBuildFile; fileRef = 4152A20029FBB79C00B9419A /* DeepLinkingTests.swift */; };
		4152A20B29FBB79C00B9419A /* DeepLinkingUITests.swift in Sources */ = {isa = PBXBuildFile; fileRef = 4152A20A29FBB79C00B9419A /* DeepLinkingUITests.swift */; };
		4152A20D29FBB79C00B9419A /* DeepLinkingUITestsLaunchTests.swift in Sources */ = {isa = PBXBuildFile; fileRef = 4152A20C29FBB79C00B9419A /* DeepLinkingUITestsLaunchTests.swift */; };
		4152A21B29FBB92600B9419A /* DeepLinks.swift in Sources */ = {isa = PBXBuildFile; fileRef = 4152A21A29FBB92600B9419A /* DeepLinks.swift */; };
		4152A21E29FBB9C400B9419A /* MainViewController.swift in Sources */ = {isa = PBXBuildFile; fileRef = 4152A21D29FBB9C400B9419A /* MainViewController.swift */; };
		4152A22029FBB9D000B9419A /* Responder.swift in Sources */ = {isa = PBXBuildFile; fileRef = 4152A21F29FBB9D000B9419A /* Responder.swift */; };
		4152A22229FBB9DD00B9419A /* VC+Ext.swift in Sources */ = {isa = PBXBuildFile; fileRef = 4152A22129FBB9DD00B9419A /* VC+Ext.swift */; };
		4152A22529FBB9FE00B9419A /* HomeChildViewController.swift in Sources */ = {isa = PBXBuildFile; fileRef = 4152A22429FBB9FE00B9419A /* HomeChildViewController.swift */; };
		4152A22729FBBA0A00B9419A /* ScanChildViewController.swift in Sources */ = {isa = PBXBuildFile; fileRef = 4152A22629FBBA0A00B9419A /* ScanChildViewController.swift */; };
/* End PBXBuildFile section */

/* Begin PBXContainerItemProxy section */
		4152A1FD29FBB79C00B9419A /* PBXContainerItemProxy */ = {
			isa = PBXContainerItemProxy;
			containerPortal = 4152A1DE29FBB79900B9419A /* Project object */;
			proxyType = 1;
			remoteGlobalIDString = 4152A1E529FBB79900B9419A;
			remoteInfo = DeepLinking;
		};
		4152A20729FBB79C00B9419A /* PBXContainerItemProxy */ = {
			isa = PBXContainerItemProxy;
			containerPortal = 4152A1DE29FBB79900B9419A /* Project object */;
			proxyType = 1;
			remoteGlobalIDString = 4152A1E529FBB79900B9419A;
			remoteInfo = DeepLinking;
		};
/* End PBXContainerItemProxy section */

/* Begin PBXFileReference section */
		4152A1E629FBB79900B9419A /* DeepLinking.app */ = {isa = PBXFileReference; explicitFileType = wrapper.application; includeInIndex = 0; path = DeepLinking.app; sourceTree = BUILT_PRODUCTS_DIR; };
		4152A1E929FBB79900B9419A /* AppDelegate.swift */ = {isa = PBXFileReference; lastKnownFileType = sourcecode.swift; path = AppDelegate.swift; sourceTree = "<group>"; };
		4152A1EB29FBB79900B9419A /* SceneDelegate.swift */ = {isa = PBXFileReference; lastKnownFileType = sourcecode.swift; path = SceneDelegate.swift; sourceTree = "<group>"; };
		4152A1ED29FBB79900B9419A /* ViewController.swift */ = {isa = PBXFileReference; lastKnownFileType = sourcecode.swift; path = ViewController.swift; sourceTree = "<group>"; };
		4152A1F029FBB79900B9419A /* Base */ = {isa = PBXFileReference; lastKnownFileType = file.storyboard; name = Base; path = Base.lproj/Main.storyboard; sourceTree = "<group>"; };
		4152A1F229FBB79C00B9419A /* Assets.xcassets */ = {isa = PBXFileReference; lastKnownFileType = folder.assetcatalog; path = Assets.xcassets; sourceTree = "<group>"; };
		4152A1F529FBB79C00B9419A /* Base */ = {isa = PBXFileReference; lastKnownFileType = file.storyboard; name = Base; path = Base.lproj/LaunchScreen.storyboard; sourceTree = "<group>"; };
		4152A1F729FBB79C00B9419A /* Info.plist */ = {isa = PBXFileReference; lastKnownFileType = text.plist.xml; path = Info.plist; sourceTree = "<group>"; };
		4152A1FC29FBB79C00B9419A /* DeepLinkingTests.xctest */ = {isa = PBXFileReference; explicitFileType = wrapper.cfbundle; includeInIndex = 0; path = DeepLinkingTests.xctest; sourceTree = BUILT_PRODUCTS_DIR; };
		4152A20029FBB79C00B9419A /* DeepLinkingTests.swift */ = {isa = PBXFileReference; lastKnownFileType = sourcecode.swift; path = DeepLinkingTests.swift; sourceTree = "<group>"; };
		4152A20629FBB79C00B9419A /* DeepLinkingUITests.xctest */ = {isa = PBXFileReference; explicitFileType = wrapper.cfbundle; includeInIndex = 0; path = DeepLinkingUITests.xctest; sourceTree = BUILT_PRODUCTS_DIR; };
		4152A20A29FBB79C00B9419A /* DeepLinkingUITests.swift */ = {isa = PBXFileReference; lastKnownFileType = sourcecode.swift; path = DeepLinkingUITests.swift; sourceTree = "<group>"; };
		4152A20C29FBB79C00B9419A /* DeepLinkingUITestsLaunchTests.swift */ = {isa = PBXFileReference; lastKnownFileType = sourcecode.swift; path = DeepLinkingUITestsLaunchTests.swift; sourceTree = "<group>"; };
		4152A21A29FBB92600B9419A /* DeepLinks.swift */ = {isa = PBXFileReference; lastKnownFileType = sourcecode.swift; path = DeepLinks.swift; sourceTree = "<group>"; };
		4152A21D29FBB9C400B9419A /* MainViewController.swift */ = {isa = PBXFileReference; lastKnownFileType = sourcecode.swift; path = MainViewController.swift; sourceTree = "<group>"; };
		4152A21F29FBB9D000B9419A /* Responder.swift */ = {isa = PBXFileReference; lastKnownFileType = sourcecode.swift; path = Responder.swift; sourceTree = "<group>"; };
		4152A22129FBB9DD00B9419A /* VC+Ext.swift */ = {isa = PBXFileReference; lastKnownFileType = sourcecode.swift; path = "VC+Ext.swift"; sourceTree = "<group>"; };
		4152A22429FBB9FE00B9419A /* HomeChildViewController.swift */ = {isa = PBXFileReference; lastKnownFileType = sourcecode.swift; path = HomeChildViewController.swift; sourceTree = "<group>"; };
		4152A22629FBBA0A00B9419A /* ScanChildViewController.swift */ = {isa = PBXFileReference; lastKnownFileType = sourcecode.swift; path = ScanChildViewController.swift; sourceTree = "<group>"; };
/* End PBXFileReference section */

/* Begin PBXFrameworksBuildPhase section */
		4152A1E329FBB79900B9419A /* Frameworks */ = {
			isa = PBXFrameworksBuildPhase;
			buildActionMask = 2147483647;
			files = (
			);
			runOnlyForDeploymentPostprocessing = 0;
		};
		4152A1F929FBB79C00B9419A /* Frameworks */ = {
			isa = PBXFrameworksBuildPhase;
			buildActionMask = 2147483647;
			files = (
			);
			runOnlyForDeploymentPostprocessing = 0;
		};
		4152A20329FBB79C00B9419A /* Frameworks */ = {
			isa = PBXFrameworksBuildPhase;
			buildActionMask = 2147483647;
			files = (
			);
			runOnlyForDeploymentPostprocessing = 0;
		};
/* End PBXFrameworksBuildPhase section */

/* Begin PBXGroup section */
		4152A1DD29FBB79900B9419A = {
			isa = PBXGroup;
			children = (
				4152A21929FBB90F00B9419A /* Files */,
				4152A21C29FBB9B100B9419A /* VCs */,
				4152A22329FBB9EA00B9419A /* ChildVCs */,
				4152A1E829FBB79900B9419A /* DeepLinking */,
				4152A1FF29FBB79C00B9419A /* DeepLinkingTests */,
				4152A20929FBB79C00B9419A /* DeepLinkingUITests */,
				4152A1E729FBB79900B9419A /* Products */,
			);
			sourceTree = "<group>";
		};
		4152A1E729FBB79900B9419A /* Products */ = {
			isa = PBXGroup;
			children = (
				4152A1E629FBB79900B9419A /* DeepLinking.app */,
				4152A1FC29FBB79C00B9419A /* DeepLinkingTests.xctest */,
				4152A20629FBB79C00B9419A /* DeepLinkingUITests.xctest */,
			);
			name = Products;
			sourceTree = "<group>";
		};
		4152A1E829FBB79900B9419A /* DeepLinking */ = {
			isa = PBXGroup;
			children = (
				4152A1ED29FBB79900B9419A /* ViewController.swift */,
				4152A1EF29FBB79900B9419A /* Main.storyboard */,
				4152A1F229FBB79C00B9419A /* Assets.xcassets */,
				4152A1F429FBB79C00B9419A /* LaunchScreen.storyboard */,
				4152A1F729FBB79C00B9419A /* Info.plist */,
			);
			path = DeepLinking;
			sourceTree = "<group>";
		};
		4152A1FF29FBB79C00B9419A /* DeepLinkingTests */ = {
			isa = PBXGroup;
			children = (
				4152A20029FBB79C00B9419A /* DeepLinkingTests.swift */,
			);
			path = DeepLinkingTests;
			sourceTree = "<group>";
		};
		4152A20929FBB79C00B9419A /* DeepLinkingUITests */ = {
			isa = PBXGroup;
			children = (
				4152A20A29FBB79C00B9419A /* DeepLinkingUITests.swift */,
				4152A20C29FBB79C00B9419A /* DeepLinkingUITestsLaunchTests.swift */,
			);
			path = DeepLinkingUITests;
			sourceTree = "<group>";
		};
		4152A21929FBB90F00B9419A /* Files */ = {
			isa = PBXGroup;
			children = (
				4152A1E929FBB79900B9419A /* AppDelegate.swift */,
				4152A1EB29FBB79900B9419A /* SceneDelegate.swift */,
				4152A21A29FBB92600B9419A /* DeepLinks.swift */,
			);
			path = Files;
			sourceTree = "<group>";
		};
		4152A21C29FBB9B100B9419A /* VCs */ = {
			isa = PBXGroup;
			children = (
				4152A21D29FBB9C400B9419A /* MainViewController.swift */,
				4152A21F29FBB9D000B9419A /* Responder.swift */,
				4152A22129FBB9DD00B9419A /* VC+Ext.swift */,
			);
			path = VCs;
			sourceTree = "<group>";
		};
		4152A22329FBB9EA00B9419A /* ChildVCs */ = {
			isa = PBXGroup;
			children = (
				4152A22429FBB9FE00B9419A /* HomeChildViewController.swift */,
				4152A22629FBBA0A00B9419A /* ScanChildViewController.swift */,
			);
			path = ChildVCs;
			sourceTree = "<group>";
		};
/* End PBXGroup section */

/* Begin PBXNativeTarget section */
		4152A1E529FBB79900B9419A /* DeepLinking */ = {
			isa = PBXNativeTarget;
			buildConfigurationList = 4152A21029FBB79C00B9419A /* Build configuration list for PBXNativeTarget "DeepLinking" */;
			buildPhases = (
				4152A1E229FBB79900B9419A /* Sources */,
				4152A1E329FBB79900B9419A /* Frameworks */,
				4152A1E429FBB79900B9419A /* Resources */,
			);
			buildRules = (
			);
			dependencies = (
			);
			name = DeepLinking;
			productName = DeepLinking;
			productReference = 4152A1E629FBB79900B9419A /* DeepLinking.app */;
			productType = "com.apple.product-type.application";
		};
		4152A1FB29FBB79C00B9419A /* DeepLinkingTests */ = {
			isa = PBXNativeTarget;
			buildConfigurationList = 4152A21329FBB79C00B9419A /* Build configuration list for PBXNativeTarget "DeepLinkingTests" */;
			buildPhases = (
				4152A1F829FBB79C00B9419A /* Sources */,
				4152A1F929FBB79C00B9419A /* Frameworks */,
				4152A1FA29FBB79C00B9419A /* Resources */,
			);
			buildRules = (
			);
			dependencies = (
				4152A1FE29FBB79C00B9419A /* PBXTargetDependency */,
			);
			name = DeepLinkingTests;
			productName = DeepLinkingTests;
			productReference = 4152A1FC29FBB79C00B9419A /* DeepLinkingTests.xctest */;
			productType = "com.apple.product-type.bundle.unit-test";
		};
		4152A20529FBB79C00B9419A /* DeepLinkingUITests */ = {
			isa = PBXNativeTarget;
			buildConfigurationList = 4152A21629FBB79C00B9419A /* Build configuration list for PBXNativeTarget "DeepLinkingUITests" */;
			buildPhases = (
				4152A20229FBB79C00B9419A /* Sources */,
				4152A20329FBB79C00B9419A /* Frameworks */,
				4152A20429FBB79C00B9419A /* Resources */,
			);
			buildRules = (
			);
			dependencies = (
				4152A20829FBB79C00B9419A /* PBXTargetDependency */,
			);
			name = DeepLinkingUITests;
			productName = DeepLinkingUITests;
			productReference = 4152A20629FBB79C00B9419A /* DeepLinkingUITests.xctest */;
			productType = "com.apple.product-type.bundle.ui-testing";
		};
/* End PBXNativeTarget section */

/* Begin PBXProject section */
		4152A1DE29FBB79900B9419A /* Project object */ = {
			isa = PBXProject;
			attributes = {
				BuildIndependentTargetsInParallel = 1;
				LastSwiftUpdateCheck = 1420;
				LastUpgradeCheck = 1420;
				TargetAttributes = {
					4152A1E529FBB79900B9419A = {
						CreatedOnToolsVersion = 14.2;
					};
					4152A1FB29FBB79C00B9419A = {
						CreatedOnToolsVersion = 14.2;
						TestTargetID = 4152A1E529FBB79900B9419A;
					};
					4152A20529FBB79C00B9419A = {
						CreatedOnToolsVersion = 14.2;
						TestTargetID = 4152A1E529FBB79900B9419A;
					};
				};
			};
			buildConfigurationList = 4152A1E129FBB79900B9419A /* Build configuration list for PBXProject "DeepLinking" */;
			compatibilityVersion = "Xcode 14.0";
			developmentRegion = en;
			hasScannedForEncodings = 0;
			knownRegions = (
				en,
				Base,
			);
			mainGroup = 4152A1DD29FBB79900B9419A;
			productRefGroup = 4152A1E729FBB79900B9419A /* Products */;
			projectDirPath = "";
			projectRoot = "";
			targets = (
				4152A1E529FBB79900B9419A /* DeepLinking */,
				4152A1FB29FBB79C00B9419A /* DeepLinkingTests */,
				4152A20529FBB79C00B9419A /* DeepLinkingUITests */,
			);
		};
/* End PBXProject section */

/* Begin PBXResourcesBuildPhase section */
		4152A1E429FBB79900B9419A /* Resources */ = {
			isa = PBXResourcesBuildPhase;
			buildActionMask = 2147483647;
			files = (
				4152A1F629FBB79C00B9419A /* LaunchScreen.storyboard in Resources */,
				4152A1F329FBB79C00B9419A /* Assets.xcassets in Resources */,
				4152A1F129FBB79900B9419A /* Main.storyboard in Resources */,
			);
			runOnlyForDeploymentPostprocessing = 0;
		};
		4152A1FA29FBB79C00B9419A /* Resources */ = {
			isa = PBXResourcesBuildPhase;
			buildActionMask = 2147483647;
			files = (
			);
			runOnlyForDeploymentPostprocessing = 0;
		};
		4152A20429FBB79C00B9419A /* Resources */ = {
			isa = PBXResourcesBuildPhase;
			buildActionMask = 2147483647;
			files = (
			);
			runOnlyForDeploymentPostprocessing = 0;
		};
/* End PBXResourcesBuildPhase section */

/* Begin PBXSourcesBuildPhase section */
		4152A1E229FBB79900B9419A /* Sources */ = {
			isa = PBXSourcesBuildPhase;
			buildActionMask = 2147483647;
			files = (
				4152A1EE29FBB79900B9419A /* ViewController.swift in Sources */,
				4152A21B29FBB92600B9419A /* DeepLinks.swift in Sources */,
				4152A22029FBB9D000B9419A /* Responder.swift in Sources */,
				4152A22229FBB9DD00B9419A /* VC+Ext.swift in Sources */,
				4152A22729FBBA0A00B9419A /* ScanChildViewController.swift in Sources */,
				4152A22529FBB9FE00B9419A /* HomeChildViewController.swift in Sources */,
				4152A1EA29FBB79900B9419A /* AppDelegate.swift in Sources */,
				4152A1EC29FBB79900B9419A /* SceneDelegate.swift in Sources */,
				4152A21E29FBB9C400B9419A /* MainViewController.swift in Sources */,
			);
			runOnlyForDeploymentPostprocessing = 0;
		};
		4152A1F829FBB79C00B9419A /* Sources */ = {
			isa = PBXSourcesBuildPhase;
			buildActionMask = 2147483647;
			files = (
				4152A20129FBB79C00B9419A /* DeepLinkingTests.swift in Sources */,
			);
			runOnlyForDeploymentPostprocessing = 0;
		};
		4152A20229FBB79C00B9419A /* Sources */ = {
			isa = PBXSourcesBuildPhase;
			buildActionMask = 2147483647;
			files = (
				4152A20B29FBB79C00B9419A /* DeepLinkingUITests.swift in Sources */,
				4152A20D29FBB79C00B9419A /* DeepLinkingUITestsLaunchTests.swift in Sources */,
			);
			runOnlyForDeploymentPostprocessing = 0;
		};
/* End PBXSourcesBuildPhase section */

/* Begin PBXTargetDependency section */
		4152A1FE29FBB79C00B9419A /* PBXTargetDependency */ = {
			isa = PBXTargetDependency;
			target = 4152A1E529FBB79900B9419A /* DeepLinking */;
			targetProxy = 4152A1FD29FBB79C00B9419A /* PBXContainerItemProxy */;
		};
		4152A20829FBB79C00B9419A /* PBXTargetDependency */ = {
			isa = PBXTargetDependency;
			target = 4152A1E529FBB79900B9419A /* DeepLinking */;
			targetProxy = 4152A20729FBB79C00B9419A /* PBXContainerItemProxy */;
		};
/* End PBXTargetDependency section */

/* Begin PBXVariantGroup section */
		4152A1EF29FBB79900B9419A /* Main.storyboard */ = {
			isa = PBXVariantGroup;
			children = (
				4152A1F029FBB79900B9419A /* Base */,
			);
			name = Main.storyboard;
			sourceTree = "<group>";
		};
		4152A1F429FBB79C00B9419A /* LaunchScreen.storyboard */ = {
			isa = PBXVariantGroup;
			children = (
				4152A1F529FBB79C00B9419A /* Base */,
			);
			name = LaunchScreen.storyboard;
			sourceTree = "<group>";
		};
/* End PBXVariantGroup section */

/* Begin XCBuildConfiguration section */
		4152A20E29FBB79C00B9419A /* Debug */ = {
			isa = XCBuildConfiguration;
			buildSettings = {
				ALWAYS_SEARCH_USER_PATHS = NO;
				CLANG_ANALYZER_NONNULL = YES;
				CLANG_ANALYZER_NUMBER_OBJECT_CONVERSION = YES_AGGRESSIVE;
				CLANG_CXX_LANGUAGE_STANDARD = "gnu++20";
				CLANG_ENABLE_MODULES = YES;
				CLANG_ENABLE_OBJC_ARC = YES;
				CLANG_ENABLE_OBJC_WEAK = YES;
				CLANG_WARN_BLOCK_CAPTURE_AUTORELEASING = YES;
				CLANG_WARN_BOOL_CONVERSION = YES;
				CLANG_WARN_COMMA = YES;
				CLANG_WARN_CONSTANT_CONVERSION = YES;
				CLANG_WARN_DEPRECATED_OBJC_IMPLEMENTATIONS = YES;
				CLANG_WARN_DIRECT_OBJC_ISA_USAGE = YES_ERROR;
				CLANG_WARN_DOCUMENTATION_COMMENTS = YES;
				CLANG_WARN_EMPTY_BODY = YES;
				CLANG_WARN_ENUM_CONVERSION = YES;
				CLANG_WARN_INFINITE_RECURSION = YES;
				CLANG_WARN_INT_CONVERSION = YES;
				CLANG_WARN_NON_LITERAL_NULL_CONVERSION = YES;
				CLANG_WARN_OBJC_IMPLICIT_RETAIN_SELF = YES;
				CLANG_WARN_OBJC_LITERAL_CONVERSION = YES;
				CLANG_WARN_OBJC_ROOT_CLASS = YES_ERROR;
				CLANG_WARN_QUOTED_INCLUDE_IN_FRAMEWORK_HEADER = YES;
				CLANG_WARN_RANGE_LOOP_ANALYSIS = YES;
				CLANG_WARN_STRICT_PROTOTYPES = YES;
				CLANG_WARN_SUSPICIOUS_MOVE = YES;
				CLANG_WARN_UNGUARDED_AVAILABILITY = YES_AGGRESSIVE;
				CLANG_WARN_UNREACHABLE_CODE = YES;
				CLANG_WARN__DUPLICATE_METHOD_MATCH = YES;
				COPY_PHASE_STRIP = NO;
				DEBUG_INFORMATION_FORMAT = dwarf;
				ENABLE_STRICT_OBJC_MSGSEND = YES;
				ENABLE_TESTABILITY = YES;
				GCC_C_LANGUAGE_STANDARD = gnu11;
				GCC_DYNAMIC_NO_PIC = NO;
				GCC_NO_COMMON_BLOCKS = YES;
				GCC_OPTIMIZATION_LEVEL = 0;
				GCC_PREPROCESSOR_DEFINITIONS = (
					"DEBUG=1",
					"$(inherited)",
				);
				GCC_WARN_64_TO_32_BIT_CONVERSION = YES;
				GCC_WARN_ABOUT_RETURN_TYPE = YES_ERROR;
				GCC_WARN_UNDECLARED_SELECTOR = YES;
				GCC_WARN_UNINITIALIZED_AUTOS = YES_AGGRESSIVE;
				GCC_WARN_UNUSED_FUNCTION = YES;
				GCC_WARN_UNUSED_VARIABLE = YES;
				IPHONEOS_DEPLOYMENT_TARGET = 16.2;
				MTL_ENABLE_DEBUG_INFO = INCLUDE_SOURCE;
				MTL_FAST_MATH = YES;
				ONLY_ACTIVE_ARCH = YES;
				SDKROOT = iphoneos;
				SWIFT_ACTIVE_COMPILATION_CONDITIONS = DEBUG;
				SWIFT_OPTIMIZATION_LEVEL = "-Onone";
			};
			name = Debug;
		};
		4152A20F29FBB79C00B9419A /* Release */ = {
			isa = XCBuildConfiguration;
			buildSettings = {
				ALWAYS_SEARCH_USER_PATHS = NO;
				CLANG_ANALYZER_NONNULL = YES;
				CLANG_ANALYZER_NUMBER_OBJECT_CONVERSION = YES_AGGRESSIVE;
				CLANG_CXX_LANGUAGE_STANDARD = "gnu++20";
				CLANG_ENABLE_MODULES = YES;
				CLANG_ENABLE_OBJC_ARC = YES;
				CLANG_ENABLE_OBJC_WEAK = YES;
				CLANG_WARN_BLOCK_CAPTURE_AUTORELEASING = YES;
				CLANG_WARN_BOOL_CONVERSION = YES;
				CLANG_WARN_COMMA = YES;
				CLANG_WARN_CONSTANT_CONVERSION = YES;
				CLANG_WARN_DEPRECATED_OBJC_IMPLEMENTATIONS = YES;
				CLANG_WARN_DIRECT_OBJC_ISA_USAGE = YES_ERROR;
				CLANG_WARN_DOCUMENTATION_COMMENTS = YES;
				CLANG_WARN_EMPTY_BODY = YES;
				CLANG_WARN_ENUM_CONVERSION = YES;
				CLANG_WARN_INFINITE_RECURSION = YES;
				CLANG_WARN_INT_CONVERSION = YES;
				CLANG_WARN_NON_LITERAL_NULL_CONVERSION = YES;
				CLANG_WARN_OBJC_IMPLICIT_RETAIN_SELF = YES;
				CLANG_WARN_OBJC_LITERAL_CONVERSION = YES;
				CLANG_WARN_OBJC_ROOT_CLASS = YES_ERROR;
				CLANG_WARN_QUOTED_INCLUDE_IN_FRAMEWORK_HEADER = YES;
				CLANG_WARN_RANGE_LOOP_ANALYSIS = YES;
				CLANG_WARN_STRICT_PROTOTYPES = YES;
				CLANG_WARN_SUSPICIOUS_MOVE = YES;
				CLANG_WARN_UNGUARDED_AVAILABILITY = YES_AGGRESSIVE;
				CLANG_WARN_UNREACHABLE_CODE = YES;
				CLANG_WARN__DUPLICATE_METHOD_MATCH = YES;
				COPY_PHASE_STRIP = NO;
				DEBUG_INFORMATION_FORMAT = "dwarf-with-dsym";
				ENABLE_NS_ASSERTIONS = NO;
				ENABLE_STRICT_OBJC_MSGSEND = YES;
				GCC_C_LANGUAGE_STANDARD = gnu11;
				GCC_NO_COMMON_BLOCKS = YES;
				GCC_WARN_64_TO_32_BIT_CONVERSION = YES;
				GCC_WARN_ABOUT_RETURN_TYPE = YES_ERROR;
				GCC_WARN_UNDECLARED_SELECTOR = YES;
				GCC_WARN_UNINITIALIZED_AUTOS = YES_AGGRESSIVE;
				GCC_WARN_UNUSED_FUNCTION = YES;
				GCC_WARN_UNUSED_VARIABLE = YES;
				IPHONEOS_DEPLOYMENT_TARGET = 16.2;
				MTL_ENABLE_DEBUG_INFO = NO;
				MTL_FAST_MATH = YES;
				SDKROOT = iphoneos;
				SWIFT_COMPILATION_MODE = wholemodule;
				SWIFT_OPTIMIZATION_LEVEL = "-O";
				VALIDATE_PRODUCT = YES;
			};
			name = Release;
		};
		4152A21129FBB79C00B9419A /* Debug */ = {
			isa = XCBuildConfiguration;
			buildSettings = {
				ASSETCATALOG_COMPILER_APPICON_NAME = AppIcon;
				ASSETCATALOG_COMPILER_GLOBAL_ACCENT_COLOR_NAME = AccentColor;
				CODE_SIGN_STYLE = Automatic;
				CURRENT_PROJECT_VERSION = 1;
				DEVELOPMENT_TEAM = 8A2XNZ3KVG;
				GENERATE_INFOPLIST_FILE = YES;
				INFOPLIST_FILE = DeepLinking/Info.plist;
				INFOPLIST_KEY_UIApplicationSupportsIndirectInputEvents = YES;
				INFOPLIST_KEY_UILaunchStoryboardName = LaunchScreen;
				INFOPLIST_KEY_UIMainStoryboardFile = Main;
				INFOPLIST_KEY_UISupportedInterfaceOrientations_iPad = "UIInterfaceOrientationPortrait UIInterfaceOrientationPortraitUpsideDown UIInterfaceOrientationLandscapeLeft UIInterfaceOrientationLandscapeRight";
				INFOPLIST_KEY_UISupportedInterfaceOrientations_iPhone = "UIInterfaceOrientationPortrait UIInterfaceOrientationLandscapeLeft UIInterfaceOrientationLandscapeRight";
				LD_RUNPATH_SEARCH_PATHS = (
					"$(inherited)",
					"@executable_path/Frameworks",
				);
				MARKETING_VERSION = 1.0;
				PRODUCT_BUNDLE_IDENTIFIER = com.powerplay.DeepLinking;
				PRODUCT_NAME = "$(TARGET_NAME)";
				SWIFT_EMIT_LOC_STRINGS = YES;
				SWIFT_VERSION = 5.0;
				TARGETED_DEVICE_FAMILY = "1,2";
			};
			name = Debug;
		};
		4152A21229FBB79C00B9419A /* Release */ = {
			isa = XCBuildConfiguration;
			buildSettings = {
				ASSETCATALOG_COMPILER_APPICON_NAME = AppIcon;
				ASSETCATALOG_COMPILER_GLOBAL_ACCENT_COLOR_NAME = AccentColor;
				CODE_SIGN_STYLE = Automatic;
				CURRENT_PROJECT_VERSION = 1;
				DEVELOPMENT_TEAM = 8A2XNZ3KVG;
				GENERATE_INFOPLIST_FILE = YES;
				INFOPLIST_FILE = DeepLinking/Info.plist;
				INFOPLIST_KEY_UIApplicationSupportsIndirectInputEvents = YES;
				INFOPLIST_KEY_UILaunchStoryboardName = LaunchScreen;
				INFOPLIST_KEY_UIMainStoryboardFile = Main;
				INFOPLIST_KEY_UISupportedInterfaceOrientations_iPad = "UIInterfaceOrientationPortrait UIInterfaceOrientationPortraitUpsideDown UIInterfaceOrientationLandscapeLeft UIInterfaceOrientationLandscapeRight";
				INFOPLIST_KEY_UISupportedInterfaceOrientations_iPhone = "UIInterfaceOrientationPortrait UIInterfaceOrientationLandscapeLeft UIInterfaceOrientationLandscapeRight";
				LD_RUNPATH_SEARCH_PATHS = (
					"$(inherited)",
					"@executable_path/Frameworks",
				);
				MARKETING_VERSION = 1.0;
				PRODUCT_BUNDLE_IDENTIFIER = com.powerplay.DeepLinking;
				PRODUCT_NAME = "$(TARGET_NAME)";
				SWIFT_EMIT_LOC_STRINGS = YES;
				SWIFT_VERSION = 5.0;
				TARGETED_DEVICE_FAMILY = "1,2";
			};
			name = Release;
		};
		4152A21429FBB79C00B9419A /* Debug */ = {
			isa = XCBuildConfiguration;
			buildSettings = {
				ALWAYS_EMBED_SWIFT_STANDARD_LIBRARIES = YES;
				BUNDLE_LOADER = "$(TEST_HOST)";
				CODE_SIGN_STYLE = Automatic;
				CURRENT_PROJECT_VERSION = 1;
				DEVELOPMENT_TEAM = 8A2XNZ3KVG;
				GENERATE_INFOPLIST_FILE = YES;
				IPHONEOS_DEPLOYMENT_TARGET = 16.2;
				MARKETING_VERSION = 1.0;
				PRODUCT_BUNDLE_IDENTIFIER = com.powerplay.DeepLinkingTests;
				PRODUCT_NAME = "$(TARGET_NAME)";
				SWIFT_EMIT_LOC_STRINGS = NO;
				SWIFT_VERSION = 5.0;
				TARGETED_DEVICE_FAMILY = "1,2";
				TEST_HOST = "$(BUILT_PRODUCTS_DIR)/DeepLinking.app/$(BUNDLE_EXECUTABLE_FOLDER_PATH)/DeepLinking";
			};
			name = Debug;
		};
		4152A21529FBB79C00B9419A /* Release */ = {
			isa = XCBuildConfiguration;
			buildSettings = {
				ALWAYS_EMBED_SWIFT_STANDARD_LIBRARIES = YES;
				BUNDLE_LOADER = "$(TEST_HOST)";
				CODE_SIGN_STYLE = Automatic;
				CURRENT_PROJECT_VERSION = 1;
				DEVELOPMENT_TEAM = 8A2XNZ3KVG;
				GENERATE_INFOPLIST_FILE = YES;
				IPHONEOS_DEPLOYMENT_TARGET = 16.2;
				MARKETING_VERSION = 1.0;
				PRODUCT_BUNDLE_IDENTIFIER = com.powerplay.DeepLinkingTests;
				PRODUCT_NAME = "$(TARGET_NAME)";
				SWIFT_EMIT_LOC_STRINGS = NO;
				SWIFT_VERSION = 5.0;
				TARGETED_DEVICE_FAMILY = "1,2";
				TEST_HOST = "$(BUILT_PRODUCTS_DIR)/DeepLinking.app/$(BUNDLE_EXECUTABLE_FOLDER_PATH)/DeepLinking";
			};
			name = Release;
		};
		4152A21729FBB79C00B9419A /* Debug */ = {
			isa = XCBuildConfiguration;
			buildSettings = {
				ALWAYS_EMBED_SWIFT_STANDARD_LIBRARIES = YES;
				CODE_SIGN_STYLE = Automatic;
				CURRENT_PROJECT_VERSION = 1;
				DEVELOPMENT_TEAM = 8A2XNZ3KVG;
				GENERATE_INFOPLIST_FILE = YES;
				MARKETING_VERSION = 1.0;
				PRODUCT_BUNDLE_IDENTIFIER = com.powerplay.DeepLinkingUITests;
				PRODUCT_NAME = "$(TARGET_NAME)";
				SWIFT_EMIT_LOC_STRINGS = NO;
				SWIFT_VERSION = 5.0;
				TARGETED_DEVICE_FAMILY = "1,2";
				TEST_TARGET_NAME = DeepLinking;
			};
			name = Debug;
		};
		4152A21829FBB79C00B9419A /* Release */ = {
			isa = XCBuildConfiguration;
			buildSettings = {
				ALWAYS_EMBED_SWIFT_STANDARD_LIBRARIES = YES;
				CODE_SIGN_STYLE = Automatic;
				CURRENT_PROJECT_VERSION = 1;
				DEVELOPMENT_TEAM = 8A2XNZ3KVG;
				GENERATE_INFOPLIST_FILE = YES;
				MARKETING_VERSION = 1.0;
				PRODUCT_BUNDLE_IDENTIFIER = com.powerplay.DeepLinkingUITests;
				PRODUCT_NAME = "$(TARGET_NAME)";
				SWIFT_EMIT_LOC_STRINGS = NO;
				SWIFT_VERSION = 5.0;
				TARGETED_DEVICE_FAMILY = "1,2";
				TEST_TARGET_NAME = DeepLinking;
			};
			name = Release;
		};
/* End XCBuildConfiguration section */

/* Begin XCConfigurationList section */
		4152A1E129FBB79900B9419A /* Build configuration list for PBXProject "DeepLinking" */ = {
			isa = XCConfigurationList;
			buildConfigurations = (
				4152A20E29FBB79C00B9419A /* Debug */,
				4152A20F29FBB79C00B9419A /* Release */,
			);
			defaultConfigurationIsVisible = 0;
			defaultConfigurationName = Release;
		};
		4152A21029FBB79C00B9419A /* Build configuration list for PBXNativeTarget "DeepLinking" */ = {
			isa = XCConfigurationList;
			buildConfigurations = (
				4152A21129FBB79C00B9419A /* Debug */,
				4152A21229FBB79C00B9419A /* Release */,
			);
			defaultConfigurationIsVisible = 0;
			defaultConfigurationName = Release;
		};
		4152A21329FBB79C00B9419A /* Build configuration list for PBXNativeTarget "DeepLinkingTests" */ = {
			isa = XCConfigurationList;
			buildConfigurations = (
				4152A21429FBB79C00B9419A /* Debug */,
				4152A21529FBB79C00B9419A /* Release */,
			);
			defaultConfigurationIsVisible = 0;
			defaultConfigurationName = Release;
		};
		4152A21629FBB79C00B9419A /* Build configuration list for PBXNativeTarget "DeepLinkingUITests" */ = {
			isa = XCConfigurationList;
			buildConfigurations = (
				4152A21729FBB79C00B9419A /* Debug */,
				4152A21829FBB79C00B9419A /* Release */,
			);
			defaultConfigurationIsVisible = 0;
			defaultConfigurationName = Release;
		};
/* End XCConfigurationList section */
	};
	rootObject = 4152A1DE29FBB79900B9419A /* Project object */;
}
